
Microsoft Visual Studio Solution File, Format Version 12.00
# Visual Studio Version 17
VisualStudioVersion = 17.14.36414.22 d17.14
MinimumVisualStudioVersion = 10.0.40219.1
Project("{2150E333-8FDC-42A3-9474-1A3956D46DE8}") = "Task0", "Task0", "{02EA681E-C7D8-13C7-8484-4AC65E1B71E8}"
EndProject
Project("{FAE04EC0-301F-11D3-BF4B-00C04F79EFBC}") = "Tyuiu.KarpenkoAL.Sprint3.Task0.V3", "Tyuiu.KarpenkoAL.Sprint3.Task0.V3\Tyuiu.KarpenkoAL.Sprint3.Task0.V3.csproj", "{B1844567-CB57-426E-94D9-8F277797522B}"
EndProject
Project("{FAE04EC0-301F-11D3-BF4B-00C04F79EFBC}") = "Tyuiu.KarpenkoAL.Sprint3.Task0.V3.Lib", "Tyuiu.KarpenkoAL.Sprint3.Task0.V3.Lib\Tyuiu.KarpenkoAL.Sprint3.Task0.V3.Lib.csproj", "{BE7BCA27-7505-42CB-BE7C-11166519C781}"
EndProject
Project("{FAE04EC0-301F-11D3-BF4B-00C04F79EFBC}") = "Tyuiu.KarpenkoAL.Sprint3.Task0.V3.Test", "Tyuiu.KarpenkoAL.Sprint3.Task0.V3.Test\Tyuiu.KarpenkoAL.Sprint3.Task0.V3.Test.csproj", "{2748E26C-16D3-4428-B70B-9112002ED90E}"
EndProject
Global
	GlobalSection(SolutionConfigurationPlatforms) = preSolution
		Debug|Any CPU = Debug|Any CPU
		Release|Any CPU = Release|Any CPU
	EndGlobalSection
	GlobalSection(ProjectConfigurationPlatforms) = postSolution
		{B1844567-CB57-426E-94D9-8F277797522B}.Debug|Any CPU.ActiveCfg = Debug|Any CPU
		{B1844567-CB57-426E-94D9-8F277797522B}.Debug|Any CPU.Build.0 = Debug|Any CPU
		{B1844567-CB57-426E-94D9-8F277797522B}.Release|Any CPU.ActiveCfg = Release|Any CPU
		{B1844567-CB57-426E-94D9-8F277797522B}.Release|Any CPU.Build.0 = Release|Any CPU
		{BE7BCA27-7505-42CB-BE7C-11166519C781}.Debug|Any CPU.ActiveCfg = Debug|Any CPU
		{BE7BCA27-7505-42CB-BE7C-11166519C781}.Debug|Any CPU.Build.0 = Debug|Any CPU
		{BE7BCA27-7505-42CB-BE7C-11166519C781}.Release|Any CPU.ActiveCfg = Release|Any CPU
		{BE7BCA27-7505-42CB-BE7C-11166519C781}.Release|Any CPU.Build.0 = Release|Any CPU
		{2748E26C-16D3-4428-B70B-9112002ED90E}.Debug|Any CPU.ActiveCfg = Debug|Any CPU
		{2748E26C-16D3-4428-B70B-9112002ED90E}.Debug|Any CPU.Build.0 = Debug|Any CPU
		{2748E26C-16D3-4428-B70B-9112002ED90E}.Release|Any CPU.ActiveCfg = Release|Any CPU
		{2748E26C-16D3-4428-B70B-9112002ED90E}.Release|Any CPU.Build.0 = Release|Any CPU
	EndGlobalSection
	GlobalSection(SolutionProperties) = preSolution
		HideSolutionNode = FALSE
	EndGlobalSection
	GlobalSection(NestedProjects) = preSolution
		{B1844567-CB57-426E-94D9-8F277797522B} = {02EA681E-C7D8-13C7-8484-4AC65E1B71E8}
		{BE7BCA27-7505-42CB-BE7C-11166519C781} = {02EA681E-C7D8-13C7-8484-4AC65E1B71E8}
		{2748E26C-16D3-4428-B70B-9112002ED90E} = {02EA681E-C7D8-13C7-8484-4AC65E1B71E8}
	EndGlobalSection
	GlobalSection(ExtensibilityGlobals) = postSolution
		SolutionGuid = {FC139991-679B-4323-8930-1513F34C7661}
	EndGlobalSection
EndGlobal
