
Microsoft Visual Studio Solution File, Format Version 12.00
# Visual Studio Version 17
VisualStudioVersion = 17.14.36414.22
MinimumVisualStudioVersion = 10.0.40219.1
Project("{2150E333-8FDC-42A3-9474-1A3956D46DE8}") = "Task0", "Task0", "{02EA681E-C7D8-13C7-8484-4AC65E1B71E8}"
EndProject
Project("{FAE04EC0-301F-11D3-BF4B-00C04F79EFBC}") = "Tyuiu.KarpenkoAL.Sprint3.Task0.V3", "Tyuiu.KarpenkoAL.Sprint3.Task0.V3\Tyuiu.KarpenkoAL.Sprint3.Task0.V3.csproj", "{B1844567-CB57-426E-94D9-8F277797522B}"
EndProject
Project("{FAE04EC0-301F-11D3-BF4B-00C04F79EFBC}") = "Tyuiu.KarpenkoAL.Sprint3.Task0.V3.Lib", "Tyuiu.KarpenkoAL.Sprint3.Task0.V3.Lib\Tyuiu.KarpenkoAL.Sprint3.Task0.V3.Lib.csproj", "{BE7BCA27-7505-42CB-BE7C-11166519C781}"
EndProject
Project("{FAE04EC0-301F-11D3-BF4B-00C04F79EFBC}") = "Tyuiu.KarpenkoAL.Sprint3.Task0.V3.Test", "Tyuiu.KarpenkoAL.Sprint3.Task0.V3.Test\Tyuiu.KarpenkoAL.Sprint3.Task0.V3.Test.csproj", "{2748E26C-16D3-4428-B70B-9112002ED90E}"
EndProject
Project("{2150E333-8FDC-42A3-9474-1A3956D46DE8}") = "Task1", "Task1", "{4B2D6667-B09E-4D6F-817D-B96E130672CD}"
EndProject
Project("{FAE04EC0-301F-11D3-BF4B-00C04F79EFBC}") = "Tyuiu.KarpenkoAL.Sprint3.Task1.V24", "Tyuiu.KarpenkoAL.Sprint3.Task1.V24\Tyuiu.KarpenkoAL.Sprint3.Task1.V24.csproj", "{2CE840DE-60FC-4DC1-9F02-CCC37FA9EAAE}"
EndProject
Project("{FAE04EC0-301F-11D3-BF4B-00C04F79EFBC}") = "Tyuiu.KarpenkoAL.Sprint3.Task1.V24.Lib", "Tyuiu.KarpenkoAL.Sprint3.Task1.V24.Lib\Tyuiu.KarpenkoAL.Sprint3.Task1.V24.Lib.csproj", "{B2481E02-9338-439E-97A3-3F3A4228F25B}"
EndProject
Project("{FAE04EC0-301F-11D3-BF4B-00C04F79EFBC}") = "Tyuiu.KarpenkoAL.Sprint3.Task1.V24.Test", "Tyuiu.KarpenkoAL.Sprint3.Task1.V24.Test\Tyuiu.KarpenkoAL.Sprint3.Task1.V24.Test.csproj", "{4830A77A-5327-420A-A79B-7D82E525D132}"
EndProject
Project("{2150E333-8FDC-42A3-9474-1A3956D46DE8}") = "Task2", "Task2", "{B2453D85-A6A5-47F8-998A-C3166F8F752C}"
EndProject
Project("{FAE04EC0-301F-11D3-BF4B-00C04F79EFBC}") = "Tyuiu.KarpenkoAL.Sprint3.Task2.V14.Lib", "Tyuiu.KarpenkoAL.Sprint3.Task2.V14.Lib\Tyuiu.KarpenkoAL.Sprint3.Task2.V14.Lib.csproj", "{A84DBC75-9FC4-4DC1-90C0-29015ED04663}"
EndProject
Project("{FAE04EC0-301F-11D3-BF4B-00C04F79EFBC}") = "Tyuiu.KarpenkoAL.Sprint3.Task2.V14", "Tyuiu.KarpenkoAL.Sprint3.Task2.V14\Tyuiu.KarpenkoAL.Sprint3.Task2.V14.csproj", "{D1CDCEDB-C304-43A2-A719-D5BCA0AEF39E}"
EndProject
Project("{FAE04EC0-301F-11D3-BF4B-00C04F79EFBC}") = "Tyuiu.KarpenkoAL.Sprint3.Task2.V14.Test", "Tyuiu.KarpenkoAL.Sprint3.Task2.V14.Test\Tyuiu.KarpenkoAL.Sprint3.Task2.V14.Test.csproj", "{7E5E8E10-FDA6-4D78-A1D0-E1F68931FF9A}"
EndProject
Global
	GlobalSection(SolutionConfigurationPlatforms) = preSolution
		Debug|Any CPU = Debug|Any CPU
		Release|Any CPU = Release|Any CPU
	EndGlobalSection
	GlobalSection(ProjectConfigurationPlatforms) = postSolution
		{B1844567-CB57-426E-94D9-8F277797522B}.Debug|Any CPU.ActiveCfg = Debug|Any CPU
		{B1844567-CB57-426E-94D9-8F277797522B}.Debug|Any CPU.Build.0 = Debug|Any CPU
		{B1844567-CB57-426E-94D9-8F277797522B}.Release|Any CPU.ActiveCfg = Release|Any CPU
		{B1844567-CB57-426E-94D9-8F277797522B}.Release|Any CPU.Build.0 = Release|Any CPU
		{BE7BCA27-7505-42CB-BE7C-11166519C781}.Debug|Any CPU.ActiveCfg = Debug|Any CPU
		{BE7BCA27-7505-42CB-BE7C-11166519C781}.Debug|Any CPU.Build.0 = Debug|Any CPU
		{BE7BCA27-7505-42CB-BE7C-11166519C781}.Release|Any CPU.ActiveCfg = Release|Any CPU
		{BE7BCA27-7505-42CB-BE7C-11166519C781}.Release|Any CPU.Build.0 = Release|Any CPU
		{2748E26C-16D3-4428-B70B-9112002ED90E}.Debug|Any CPU.ActiveCfg = Debug|Any CPU
		{2748E26C-16D3-4428-B70B-9112002ED90E}.Debug|Any CPU.Build.0 = Debug|Any CPU
		{2748E26C-16D3-4428-B70B-9112002ED90E}.Release|Any CPU.ActiveCfg = Release|Any CPU
		{2748E26C-16D3-4428-B70B-9112002ED90E}.Release|Any CPU.Build.0 = Release|Any CPU
		{2CE840DE-60FC-4DC1-9F02-CCC37FA9EAAE}.Debug|Any CPU.ActiveCfg = Debug|Any CPU
		{2CE840DE-60FC-4DC1-9F02-CCC37FA9EAAE}.Debug|Any CPU.Build.0 = Debug|Any CPU
		{2CE840DE-60FC-4DC1-9F02-CCC37FA9EAAE}.Release|Any CPU.ActiveCfg = Release|Any CPU
		{2CE840DE-60FC-4DC1-9F02-CCC37FA9EAAE}.Release|Any CPU.Build.0 = Release|Any CPU
		{B2481E02-9338-439E-97A3-3F3A4228F25B}.Debug|Any CPU.ActiveCfg = Debug|Any CPU
		{B2481E02-9338-439E-97A3-3F3A4228F25B}.Debug|Any CPU.Build.0 = Debug|Any CPU
		{B2481E02-9338-439E-97A3-3F3A4228F25B}.Release|Any CPU.ActiveCfg = Release|Any CPU
		{B2481E02-9338-439E-97A3-3F3A4228F25B}.Release|Any CPU.Build.0 = Release|Any CPU
		{4830A77A-5327-420A-A79B-7D82E525D132}.Debug|Any CPU.ActiveCfg = Debug|Any CPU
		{4830A77A-5327-420A-A79B-7D82E525D132}.Debug|Any CPU.Build.0 = Debug|Any CPU
		{4830A77A-5327-420A-A79B-7D82E525D132}.Release|Any CPU.ActiveCfg = Release|Any CPU
		{4830A77A-5327-420A-A79B-7D82E525D132}.Release|Any CPU.Build.0 = Release|Any CPU
		{A84DBC75-9FC4-4DC1-90C0-29015ED04663}.Debug|Any CPU.ActiveCfg = Debug|Any CPU
		{A84DBC75-9FC4-4DC1-90C0-29015ED04663}.Debug|Any CPU.Build.0 = Debug|Any CPU
		{A84DBC75-9FC4-4DC1-90C0-29015ED04663}.Release|Any CPU.ActiveCfg = Release|Any CPU
		{A84DBC75-9FC4-4DC1-90C0-29015ED04663}.Release|Any CPU.Build.0 = Release|Any CPU
		{D1CDCEDB-C304-43A2-A719-D5BCA0AEF39E}.Debug|Any CPU.ActiveCfg = Debug|Any CPU
		{D1CDCEDB-C304-43A2-A719-D5BCA0AEF39E}.Debug|Any CPU.Build.0 = Debug|Any CPU
		{D1CDCEDB-C304-43A2-A719-D5BCA0AEF39E}.Release|Any CPU.ActiveCfg = Release|Any CPU
		{D1CDCEDB-C304-43A2-A719-D5BCA0AEF39E}.Release|Any CPU.Build.0 = Release|Any CPU
		{7E5E8E10-FDA6-4D78-A1D0-E1F68931FF9A}.Debug|Any CPU.ActiveCfg = Debug|Any CPU
		{7E5E8E10-FDA6-4D78-A1D0-E1F68931FF9A}.Debug|Any CPU.Build.0 = Debug|Any CPU
		{7E5E8E10-FDA6-4D78-A1D0-E1F68931FF9A}.Release|Any CPU.ActiveCfg = Release|Any CPU
		{7E5E8E10-FDA6-4D78-A1D0-E1F68931FF9A}.Release|Any CPU.Build.0 = Release|Any CPU
	EndGlobalSection
	GlobalSection(SolutionProperties) = preSolution
		HideSolutionNode = FALSE
	EndGlobalSection
	GlobalSection(NestedProjects) = preSolution
		{B1844567-CB57-426E-94D9-8F277797522B} = {02EA681E-C7D8-13C7-8484-4AC65E1B71E8}
		{BE7BCA27-7505-42CB-BE7C-11166519C781} = {02EA681E-C7D8-13C7-8484-4AC65E1B71E8}
		{2748E26C-16D3-4428-B70B-9112002ED90E} = {02EA681E-C7D8-13C7-8484-4AC65E1B71E8}
		{2CE840DE-60FC-4DC1-9F02-CCC37FA9EAAE} = {4B2D6667-B09E-4D6F-817D-B96E130672CD}
		{B2481E02-9338-439E-97A3-3F3A4228F25B} = {4B2D6667-B09E-4D6F-817D-B96E130672CD}
		{4830A77A-5327-420A-A79B-7D82E525D132} = {4B2D6667-B09E-4D6F-817D-B96E130672CD}
		{A84DBC75-9FC4-4DC1-90C0-29015ED04663} = {B2453D85-A6A5-47F8-998A-C3166F8F752C}
		{D1CDCEDB-C304-43A2-A719-D5BCA0AEF39E} = {B2453D85-A6A5-47F8-998A-C3166F8F752C}
		{7E5E8E10-FDA6-4D78-A1D0-E1F68931FF9A} = {B2453D85-A6A5-47F8-998A-C3166F8F752C}
	EndGlobalSection
	GlobalSection(ExtensibilityGlobals) = postSolution
		SolutionGuid = {FC139991-679B-4323-8930-1513F34C7661}
	EndGlobalSection
EndGlobal
